
Microsoft Visual Studio Solution File, Format Version 12.00
# Visual Studio Version 17
VisualStudioVersion = 17.8.34525.116
MinimumVisualStudioVersion = 10.0.40219.1
Project("{8BC9CEB8-8B4A-11D0-8D11-00A0C91BC942}") = "Task_1", "Task_1\Task_1.vcxproj", "{DA38DB14-9634-4088-83E9-0539F26CFC6D}"
EndProject
Project("{8BC9CEB8-8B4A-11D0-8D11-00A0C91BC942}") = "Task_2", "Task_2\Task_2.vcxproj", "{09FCA3DF-916B-439B-967F-5958DAD36A52}"
EndProject
Project("{8BC9CEB8-8B4A-11D0-8D11-00A0C91BC942}") = "Task_3", "Task_3\Task_3.vcxproj", "{A873E723-4BA2-4412-8E46-83DD08033128}"
EndProject
Project("{8BC9CEB8-8B4A-11D0-8D11-00A0C91BC942}") = "Task_4", "Task_4\Task_4.vcxproj", "{5C21D26A-3835-48E6-B572-5C4422EF28B6}"
EndProject
Project("{8BC9CEB8-8B4A-11D0-8D11-00A0C91BC942}") = "Task_5", "Task_5\Task_5.vcxproj", "{C794C945-AAB8-4C4F-AC52-94C49D804438}"
EndProject
Project("{8BC9CEB8-8B4A-11D0-8D11-00A0C91BC942}") = "Task_6", "Task_6\Task_6.vcxproj", "{53FB2097-EA55-43E2-83AE-22222723E59A}"
EndProject
Project("{8BC9CEB8-8B4A-11D0-8D11-00A0C91BC942}") = "Task_7", "Task_7\Task_7.vcxproj", "{007F7063-9812-4C3B-B690-D58E9E1980D3}"
EndProject
Project("{8BC9CEB8-8B4A-11D0-8D11-00A0C91BC942}") = "Task_8", "Task_8\Task_8.vcxproj", "{D8636F49-3C34-485D-9BD4-E0AE43EAFF85}"
EndProject
Project("{8BC9CEB8-8B4A-11D0-8D11-00A0C91BC942}") = "Task_9", "Task_9\Task_9.vcxproj", "{9E8B42B8-EB25-4F42-98BB-2B0B8C55820C}"
EndProject
Project("{8BC9CEB8-8B4A-11D0-8D11-00A0C91BC942}") = "Task_10", "Task_10\Task_10.vcxproj", "{DDBA107C-C146-49BA-AB80-D95369A0E547}"
EndProject
Project("{8BC9CEB8-8B4A-11D0-8D11-00A0C91BC942}") = "Task_11", "Task_11\Task_11.vcxproj", "{E55844D2-9CB2-4997-B767-E47AFBFDE715}"
EndProject
Project("{8BC9CEB8-8B4A-11D0-8D11-00A0C91BC942}") = "Task_12", "Task_12\Task_12.vcxproj", "{B2CBEFCB-E6DE-4EAB-B36E-FD29CA3C90B2}"
EndProject
Global
	GlobalSection(SolutionConfigurationPlatforms) = preSolution
		Debug|x64 = Debug|x64
		Debug|x86 = Debug|x86
		Release|x64 = Release|x64
		Release|x86 = Release|x86
	EndGlobalSection
	GlobalSection(ProjectConfigurationPlatforms) = postSolution
		{DA38DB14-9634-4088-83E9-0539F26CFC6D}.Debug|x64.ActiveCfg = Debug|x64
		{DA38DB14-9634-4088-83E9-0539F26CFC6D}.Debug|x64.Build.0 = Debug|x64
		{DA38DB14-9634-4088-83E9-0539F26CFC6D}.Debug|x86.ActiveCfg = Debug|Win32
		{DA38DB14-9634-4088-83E9-0539F26CFC6D}.Debug|x86.Build.0 = Debug|Win32
		{DA38DB14-9634-4088-83E9-0539F26CFC6D}.Release|x64.ActiveCfg = Release|x64
		{DA38DB14-9634-4088-83E9-0539F26CFC6D}.Release|x64.Build.0 = Release|x64
		{DA38DB14-9634-4088-83E9-0539F26CFC6D}.Release|x86.ActiveCfg = Release|Win32
		{DA38DB14-9634-4088-83E9-0539F26CFC6D}.Release|x86.Build.0 = Release|Win32
		{09FCA3DF-916B-439B-967F-5958DAD36A52}.Debug|x64.ActiveCfg = Debug|x64
		{09FCA3DF-916B-439B-967F-5958DAD36A52}.Debug|x64.Build.0 = Debug|x64
		{09FCA3DF-916B-439B-967F-5958DAD36A52}.Debug|x86.ActiveCfg = Debug|Win32
		{09FCA3DF-916B-439B-967F-5958DAD36A52}.Debug|x86.Build.0 = Debug|Win32
		{09FCA3DF-916B-439B-967F-5958DAD36A52}.Release|x64.ActiveCfg = Release|x64
		{09FCA3DF-916B-439B-967F-5958DAD36A52}.Release|x64.Build.0 = Release|x64
		{09FCA3DF-916B-439B-967F-5958DAD36A52}.Release|x86.ActiveCfg = Release|Win32
		{09FCA3DF-916B-439B-967F-5958DAD36A52}.Release|x86.Build.0 = Release|Win32
		{A873E723-4BA2-4412-8E46-83DD08033128}.Debug|x64.ActiveCfg = Debug|x64
		{A873E723-4BA2-4412-8E46-83DD08033128}.Debug|x64.Build.0 = Debug|x64
		{A873E723-4BA2-4412-8E46-83DD08033128}.Debug|x86.ActiveCfg = Debug|Win32
		{A873E723-4BA2-4412-8E46-83DD08033128}.Debug|x86.Build.0 = Debug|Win32
		{A873E723-4BA2-4412-8E46-83DD08033128}.Release|x64.ActiveCfg = Release|x64
		{A873E723-4BA2-4412-8E46-83DD08033128}.Release|x64.Build.0 = Release|x64
		{A873E723-4BA2-4412-8E46-83DD08033128}.Release|x86.ActiveCfg = Release|Win32
		{A873E723-4BA2-4412-8E46-83DD08033128}.Release|x86.Build.0 = Release|Win32
		{5C21D26A-3835-48E6-B572-5C4422EF28B6}.Debug|x64.ActiveCfg = Debug|x64
		{5C21D26A-3835-48E6-B572-5C4422EF28B6}.Debug|x64.Build.0 = Debug|x64
		{5C21D26A-3835-48E6-B572-5C4422EF28B6}.Debug|x86.ActiveCfg = Debug|Win32
		{5C21D26A-3835-48E6-B572-5C4422EF28B6}.Debug|x86.Build.0 = Debug|Win32
		{5C21D26A-3835-48E6-B572-5C4422EF28B6}.Release|x64.ActiveCfg = Release|x64
		{5C21D26A-3835-48E6-B572-5C4422EF28B6}.Release|x64.Build.0 = Release|x64
		{5C21D26A-3835-48E6-B572-5C4422EF28B6}.Release|x86.ActiveCfg = Release|Win32
		{5C21D26A-3835-48E6-B572-5C4422EF28B6}.Release|x86.Build.0 = Release|Win32
		{C794C945-AAB8-4C4F-AC52-94C49D804438}.Debug|x64.ActiveCfg = Debug|x64
		{C794C945-AAB8-4C4F-AC52-94C49D804438}.Debug|x64.Build.0 = Debug|x64
		{C794C945-AAB8-4C4F-AC52-94C49D804438}.Debug|x86.ActiveCfg = Debug|Win32
		{C794C945-AAB8-4C4F-AC52-94C49D804438}.Debug|x86.Build.0 = Debug|Win32
		{C794C945-AAB8-4C4F-AC52-94C49D804438}.Release|x64.ActiveCfg = Release|x64
		{C794C945-AAB8-4C4F-AC52-94C49D804438}.Release|x64.Build.0 = Release|x64
		{C794C945-AAB8-4C4F-AC52-94C49D804438}.Release|x86.ActiveCfg = Release|Win32
		{C794C945-AAB8-4C4F-AC52-94C49D804438}.Release|x86.Build.0 = Release|Win32
		{53FB2097-EA55-43E2-83AE-22222723E59A}.Debug|x64.ActiveCfg = Debug|x64
		{53FB2097-EA55-43E2-83AE-22222723E59A}.Debug|x64.Build.0 = Debug|x64
		{53FB2097-EA55-43E2-83AE-22222723E59A}.Debug|x86.ActiveCfg = Debug|Win32
		{53FB2097-EA55-43E2-83AE-22222723E59A}.Debug|x86.Build.0 = Debug|Win32
		{53FB2097-EA55-43E2-83AE-22222723E59A}.Release|x64.ActiveCfg = Release|x64
		{53FB2097-EA55-43E2-83AE-22222723E59A}.Release|x64.Build.0 = Release|x64
		{53FB2097-EA55-43E2-83AE-22222723E59A}.Release|x86.ActiveCfg = Release|Win32
		{53FB2097-EA55-43E2-83AE-22222723E59A}.Release|x86.Build.0 = Release|Win32
		{007F7063-9812-4C3B-B690-D58E9E1980D3}.Debug|x64.ActiveCfg = Debug|x64
		{007F7063-9812-4C3B-B690-D58E9E1980D3}.Debug|x64.Build.0 = Debug|x64
		{007F7063-9812-4C3B-B690-D58E9E1980D3}.Debug|x86.ActiveCfg = Debug|Win32
		{007F7063-9812-4C3B-B690-D58E9E1980D3}.Debug|x86.Build.0 = Debug|Win32
		{007F7063-9812-4C3B-B690-D58E9E1980D3}.Release|x64.ActiveCfg = Release|x64
		{007F7063-9812-4C3B-B690-D58E9E1980D3}.Release|x64.Build.0 = Release|x64
		{007F7063-9812-4C3B-B690-D58E9E1980D3}.Release|x86.ActiveCfg = Release|Win32
		{007F7063-9812-4C3B-B690-D58E9E1980D3}.Release|x86.Build.0 = Release|Win32
		{D8636F49-3C34-485D-9BD4-E0AE43EAFF85}.Debug|x64.ActiveCfg = Debug|x64
		{D8636F49-3C34-485D-9BD4-E0AE43EAFF85}.Debug|x64.Build.0 = Debug|x64
		{D8636F49-3C34-485D-9BD4-E0AE43EAFF85}.Debug|x86.ActiveCfg = Debug|Win32
		{D8636F49-3C34-485D-9BD4-E0AE43EAFF85}.Debug|x86.Build.0 = Debug|Win32
		{D8636F49-3C34-485D-9BD4-E0AE43EAFF85}.Release|x64.ActiveCfg = Release|x64
		{D8636F49-3C34-485D-9BD4-E0AE43EAFF85}.Release|x64.Build.0 = Release|x64
		{D8636F49-3C34-485D-9BD4-E0AE43EAFF85}.Release|x86.ActiveCfg = Release|Win32
		{D8636F49-3C34-485D-9BD4-E0AE43EAFF85}.Release|x86.Build.0 = Release|Win32
		{9E8B42B8-EB25-4F42-98BB-2B0B8C55820C}.Debug|x64.ActiveCfg = Debug|x64
		{9E8B42B8-EB25-4F42-98BB-2B0B8C55820C}.Debug|x64.Build.0 = Debug|x64
		{9E8B42B8-EB25-4F42-98BB-2B0B8C55820C}.Debug|x86.ActiveCfg = Debug|Win32
		{9E8B42B8-EB25-4F42-98BB-2B0B8C55820C}.Debug|x86.Build.0 = Debug|Win32
		{9E8B42B8-EB25-4F42-98BB-2B0B8C55820C}.Release|x64.ActiveCfg = Release|x64
		{9E8B42B8-EB25-4F42-98BB-2B0B8C55820C}.Release|x64.Build.0 = Release|x64
		{9E8B42B8-EB25-4F42-98BB-2B0B8C55820C}.Release|x86.ActiveCfg = Release|Win32
		{9E8B42B8-EB25-4F42-98BB-2B0B8C55820C}.Release|x86.Build.0 = Release|Win32
		{DDBA107C-C146-49BA-AB80-D95369A0E547}.Debug|x64.ActiveCfg = Debug|x64
		{DDBA107C-C146-49BA-AB80-D95369A0E547}.Debug|x64.Build.0 = Debug|x64
		{DDBA107C-C146-49BA-AB80-D95369A0E547}.Debug|x86.ActiveCfg = Debug|Win32
		{DDBA107C-C146-49BA-AB80-D95369A0E547}.Debug|x86.Build.0 = Debug|Win32
		{DDBA107C-C146-49BA-AB80-D95369A0E547}.Release|x64.ActiveCfg = Release|x64
		{DDBA107C-C146-49BA-AB80-D95369A0E547}.Release|x64.Build.0 = Release|x64
		{DDBA107C-C146-49BA-AB80-D95369A0E547}.Release|x86.ActiveCfg = Release|Win32
		{DDBA107C-C146-49BA-AB80-D95369A0E547}.Release|x86.Build.0 = Release|Win32
		{E55844D2-9CB2-4997-B767-E47AFBFDE715}.Debug|x64.ActiveCfg = Debug|x64
		{E55844D2-9CB2-4997-B767-E47AFBFDE715}.Debug|x64.Build.0 = Debug|x64
		{E55844D2-9CB2-4997-B767-E47AFBFDE715}.Debug|x86.ActiveCfg = Debug|Win32
		{E55844D2-9CB2-4997-B767-E47AFBFDE715}.Debug|x86.Build.0 = Debug|Win32
		{E55844D2-9CB2-4997-B767-E47AFBFDE715}.Release|x64.ActiveCfg = Release|x64
		{E55844D2-9CB2-4997-B767-E47AFBFDE715}.Release|x64.Build.0 = Release|x64
		{E55844D2-9CB2-4997-B767-E47AFBFDE715}.Release|x86.ActiveCfg = Release|Win32
		{E55844D2-9CB2-4997-B767-E47AFBFDE715}.Release|x86.Build.0 = Release|Win32
		{B2CBEFCB-E6DE-4EAB-B36E-FD29CA3C90B2}.Debug|x64.ActiveCfg = Debug|x64
		{B2CBEFCB-E6DE-4EAB-B36E-FD29CA3C90B2}.Debug|x64.Build.0 = Debug|x64
		{B2CBEFCB-E6DE-4EAB-B36E-FD29CA3C90B2}.Debug|x86.ActiveCfg = Debug|Win32
		{B2CBEFCB-E6DE-4EAB-B36E-FD29CA3C90B2}.Debug|x86.Build.0 = Debug|Win32
		{B2CBEFCB-E6DE-4EAB-B36E-FD29CA3C90B2}.Release|x64.ActiveCfg = Release|x64
		{B2CBEFCB-E6DE-4EAB-B36E-FD29CA3C90B2}.Release|x64.Build.0 = Release|x64
		{B2CBEFCB-E6DE-4EAB-B36E-FD29CA3C90B2}.Release|x86.ActiveCfg = Release|Win32
		{B2CBEFCB-E6DE-4EAB-B36E-FD29CA3C90B2}.Release|x86.Build.0 = Release|Win32
	EndGlobalSection
	GlobalSection(SolutionProperties) = preSolution
		HideSolutionNode = FALSE
	EndGlobalSection
	GlobalSection(ExtensibilityGlobals) = postSolution
		SolutionGuid = {75C8B089-05F9-4AF0-993E-8A281B1D46EE}
	EndGlobalSection
EndGlobal
